
Microsoft Visual Studio Solution File, Format Version 12.00
# Visual Studio 2012
Project("{FAE04EC0-301F-11D3-BF4B-00C04F79EFBC}") = "AzureSimpleQueue", "AzureSimpleQueue\AzureSimpleQueue.csproj", "{EA08AD3B-7CD9-4BBE-9F8A-898F350DF593}"
EndProject
Project("{FAE04EC0-301F-11D3-BF4B-00C04F79EFBC}") = "AzureSimpleQueue.Test", "AzureSimpleQueue.Test\AzureSimpleQueue.Test.csproj", "{8BB5C641-0253-4FE1-8CD8-0DC9668075B8}"
EndProject
Global
	GlobalSection(SolutionConfigurationPlatforms) = preSolution
		Debug|Any CPU = Debug|Any CPU
		Release|Any CPU = Release|Any CPU
	EndGlobalSection
	GlobalSection(ProjectConfigurationPlatforms) = postSolution
		{EA08AD3B-7CD9-4BBE-9F8A-898F350DF593}.Debug|Any CPU.ActiveCfg = Debug|Any CPU
		{EA08AD3B-7CD9-4BBE-9F8A-898F350DF593}.Debug|Any CPU.Build.0 = Debug|Any CPU
		{EA08AD3B-7CD9-4BBE-9F8A-898F350DF593}.Release|Any CPU.ActiveCfg = Release|Any CPU
		{EA08AD3B-7CD9-4BBE-9F8A-898F350DF593}.Release|Any CPU.Build.0 = Release|Any CPU
		{8BB5C641-0253-4FE1-8CD8-0DC9668075B8}.Debug|Any CPU.ActiveCfg = Debug|Any CPU
		{8BB5C641-0253-4FE1-8CD8-0DC9668075B8}.Debug|Any CPU.Build.0 = Debug|Any CPU
		{8BB5C641-0253-4FE1-8CD8-0DC9668075B8}.Release|Any CPU.ActiveCfg = Release|Any CPU
		{8BB5C641-0253-4FE1-8CD8-0DC9668075B8}.Release|Any CPU.Build.0 = Release|Any CPU
	EndGlobalSection
	GlobalSection(SolutionProperties) = preSolution
		HideSolutionNode = FALSE
	EndGlobalSection
EndGlobal
